<?xml version="1.0" encoding="utf-8"?>
<Project ToolsVersion="4.0" xmlns="http://schemas.microsoft.com/developer/msbuild/2003">
  <ItemGroup>
    <Filter Include="Source Files">
      <UniqueIdentifier>{4FC737F1-C7A5-4376-A066-2A32D752A2FF}</UniqueIdentifier>
      <Extensions>cpp;c;cc;cxx;def;odl;idl;hpj;bat;asm;asmx</Extensions>
    </Filter>
    <Filter Include="Header Files">
      <UniqueIdentifier>{93995380-89BD-4b04-88EB-625FBE52EBFB}</UniqueIdentifier>
      <Extensions>h;hh;hpp;hxx;hm;inl;inc;ipp;xsd</Extensions>
    </Filter>
    <Filter Include="Resource Files">
      <UniqueIdentifier>{67DA6AB6-F800-4c08-8B7A-83BB121AAD01}</UniqueIdentifier>
      <Extensions>rc;ico;cur;bmp;dlg;rc2;rct;bin;rgs;gif;jpg;jpeg;jpe;resx;tiff;tif;png;wav;mfcribbon-ms</Extensions>
    </Filter>
  </ItemGroup>
  <ItemGroup>
    <ClCompile Include="main.cpp">
      <Filter>Source Files</Filter>
    </ClCompile>
    <ClCompile Include="LarrysChallenge.cpp">
      <Filter>Source Files</Filter>
    </ClCompile>
    <ClCompile Include="Entidade.cpp">
      <Filter>Source Files</Filter>
    </ClCompile>
    <ClCompile Include="Personagem.cpp">
      <Filter>Source Files</Filter>
    </ClCompile>
    <ClCompile Include="Jogador.cpp">
      <Filter>Source Files</Filter>
    </ClCompile>
    <ClCompile Include="ListaEntidades.cpp">
      <Filter>Source Files</Filter>
    </ClCompile>
    <ClCompile Include="Inimigo.cpp">
      <Filter>Source Files</Filter>
    </ClCompile>
    <ClCompile Include="Movimentador.cpp">
      <Filter>Source Files</Filter>
    </ClCompile>
    <ClCompile Include="Interativo.cpp">
      <Filter>Source Files</Filter>
    </ClCompile>
    <ClCompile Include="Botao.cpp">
      <Filter>Source Files</Filter>
    </ClCompile>
    <ClCompile Include="Interruptor.cpp">
      <Filter>Source Files</Filter>
    </ClCompile>
    <ClCompile Include="Bau.cpp">
      <Filter>Source Files</Filter>
    </ClCompile>
    <ClCompile Include="GerenciadorEntidades.cpp">
      <Filter>Source Files</Filter>
    </ClCompile>
    <ClCompile Include="Item.cpp">
      <Filter>Source Files</Filter>
    </ClCompile>
    <ClCompile Include="Superficie.cpp">
      <Filter>Source Files</Filter>
    </ClCompile>
    <ClCompile Include="Tocha.cpp">
      <Filter>Source Files</Filter>
    </ClCompile>
    <ClCompile Include="Barreira.cpp">
      <Filter>Source Files</Filter>
    </ClCompile>
    <ClCompile Include="Pedra.cpp">
      <Filter>Source Files</Filter>
    </ClCompile>
    <ClCompile Include="Coluna.cpp">
      <Filter>Source Files</Filter>
    </ClCompile>
    <ClCompile Include="Atirador.cpp">
      <Filter>Source Files</Filter>
    </ClCompile>
    <ClCompile Include="Letal.cpp">
      <Filter>Source Files</Filter>
    </ClCompile>
    <ClCompile Include="Flecha.cpp">
      <Filter>Source Files</Filter>
    </ClCompile>
    <ClCompile Include="Abismo.cpp">
      <Filter>Source Files</Filter>
    </ClCompile>
    <ClCompile Include="Espinhos.cpp">
      <Filter>Source Files</Filter>
    </ClCompile>
    <ClCompile Include="SuperficieInterativa.cpp">
      <Filter>Source Files</Filter>
    </ClCompile>
    <ClCompile Include="ParedeLevadica.cpp">
      <Filter>Source Files</Filter>
    </ClCompile>
    <ClCompile Include="Caixa.cpp">
      <Filter>Source Files</Filter>
    </ClCompile>
    <ClCompile Include="Porta.cpp">
      <Filter>Source Files</Filter>
    </ClCompile>
    <ClCompile Include="Escada.cpp">
      <Filter>Source Files</Filter>
    </ClCompile>
    <ClCompile Include="PassagemSecreta.cpp">
      <Filter>Source Files</Filter>
    </ClCompile>
    <ClCompile Include="Perseguidor.cpp">
      <Filter>Source Files</Filter>
    </ClCompile>
    <ClCompile Include="Rato.cpp">
      <Filter>Source Files</Filter>
    </ClCompile>
  </ItemGroup>
  <ItemGroup>
    <ClInclude Include="bibliotecas.h">
      <Filter>Header Files</Filter>
    </ClInclude>
    <ClInclude Include="LarrysChallenge.h">
      <Filter>Header Files</Filter>
    </ClInclude>
    <ClInclude Include="Entidade.h">
      <Filter>Header Files</Filter>
    </ClInclude>
    <ClInclude Include="Personagem.h">
      <Filter>Header Files</Filter>
    </ClInclude>
    <ClInclude Include="Jogador.h">
      <Filter>Header Files</Filter>
    </ClInclude>
    <ClInclude Include="ListaEntidades.h">
      <Filter>Header Files</Filter>
    </ClInclude>
    <ClInclude Include="Inimigo.h">
      <Filter>Header Files</Filter>
    </ClInclude>
    <ClInclude Include="Movimentador.h">
      <Filter>Header Files</Filter>
    </ClInclude>
    <ClInclude Include="Interativo.h">
      <Filter>Header Files</Filter>
    </ClInclude>
    <ClInclude Include="Botao.h">
      <Filter>Header Files</Filter>
    </ClInclude>
    <ClInclude Include="Interruptor.h">
      <Filter>Header Files</Filter>
    </ClInclude>
    <ClInclude Include="Bau.h">
      <Filter>Header Files</Filter>
    </ClInclude>
    <ClInclude Include="GerenciadorEntidades.h">
      <Filter>Header Files</Filter>
    </ClInclude>
    <ClInclude Include="Item.h">
      <Filter>Header Files</Filter>
    </ClInclude>
    <ClInclude Include="Superficie.h">
      <Filter>Header Files</Filter>
    </ClInclude>
    <ClInclude Include="Tocha.h">
      <Filter>Header Files</Filter>
    </ClInclude>
    <ClInclude Include="Barreira.h">
      <Filter>Header Files</Filter>
    </ClInclude>
    <ClInclude Include="Pedra.h">
      <Filter>Header Files</Filter>
    </ClInclude>
    <ClInclude Include="Coluna.h">
      <Filter>Header Files</Filter>
    </ClInclude>
    <ClInclude Include="Atirador.h">
      <Filter>Header Files</Filter>
    </ClInclude>
    <ClInclude Include="Letal.h">
      <Filter>Header Files</Filter>
    </ClInclude>
    <ClInclude Include="Flecha.h">
      <Filter>Header Files</Filter>
    </ClInclude>
    <ClInclude Include="Abismo.h">
      <Filter>Header Files</Filter>
    </ClInclude>
    <ClInclude Include="Espinhos.h">
      <Filter>Header Files</Filter>
    </ClInclude>
    <ClInclude Include="SuperficieInterativa.h">
      <Filter>Header Files</Filter>
    </ClInclude>
    <ClInclude Include="ParedeLevadica.h">
      <Filter>Header Files</Filter>
    </ClInclude>
    <ClInclude Include="Caixa.h">
      <Filter>Header Files</Filter>
    </ClInclude>
    <ClInclude Include="Porta.h">
      <Filter>Header Files</Filter>
    </ClInclude>
    <ClInclude Include="Escada.h">
      <Filter>Header Files</Filter>
    </ClInclude>
    <ClInclude Include="PassagemSecreta.h">
      <Filter>Header Files</Filter>
    </ClInclude>
    <ClInclude Include="Perseguidor.h">
      <Filter>Header Files</Filter>
    </ClInclude>
    <ClInclude Include="Rato.h">
      <Filter>Header Files</Filter>
    </ClInclude>
  </ItemGroup>
</Project>